// !$*UTF8*$!
{
	archiveVersion = 1;
	classes = {
	};
	objectVersion = 46;
	objects = {

/* Begin PBXBuildFile section */
		4431AC601D2D1F2C00A79B16 /* Alamofire.framework in Frameworks */ = {isa = PBXBuildFile; fileRef = 4431AC581D2D1F2C00A79B16 /* Alamofire.framework */; };
		4431AC611D2D1F2C00A79B16 /* Boilerplate.framework in Frameworks */ = {isa = PBXBuildFile; fileRef = 4431AC591D2D1F2C00A79B16 /* Boilerplate.framework */; };
		4431AC621D2D1F2C00A79B16 /* Event.framework in Frameworks */ = {isa = PBXBuildFile; fileRef = 4431AC5A1D2D1F2C00A79B16 /* Event.framework */; };
		4431AC631D2D1F2C00A79B16 /* ExecutionContext.framework in Frameworks */ = {isa = PBXBuildFile; fileRef = 4431AC5B1D2D1F2C00A79B16 /* ExecutionContext.framework */; };
		4431AC641D2D1F2C00A79B16 /* Foundation3.framework in Frameworks */ = {isa = PBXBuildFile; fileRef = 4431AC5C1D2D1F2C00A79B16 /* Foundation3.framework */; };
		4431AC651D2D1F2C00A79B16 /* Future.framework in Frameworks */ = {isa = PBXBuildFile; fileRef = 4431AC5D1D2D1F2C00A79B16 /* Future.framework */; };
		4431AC661D2D1F2C00A79B16 /* Result.framework in Frameworks */ = {isa = PBXBuildFile; fileRef = 4431AC5E1D2D1F2C00A79B16 /* Result.framework */; };
		4431AC671D2D1F2C00A79B16 /* RunLoop.framework in Frameworks */ = {isa = PBXBuildFile; fileRef = 4431AC5F1D2D1F2C00A79B16 /* RunLoop.framework */; };
		44D06D0C1D2BBDC100BB2A15 /* CRLAlamofireFuture.framework in Frameworks */ = {isa = PBXBuildFile; fileRef = 44D06D0B1D2BBDC100BB2A15 /* CRLAlamofireFuture.framework */; };
		44D367B81D2BB8630014CEA4 /* AppDelegate.swift in Sources */ = {isa = PBXBuildFile; fileRef = 44D367B71D2BB8630014CEA4 /* AppDelegate.swift */; };
		44D367BA1D2BB8630014CEA4 /* ViewController.swift in Sources */ = {isa = PBXBuildFile; fileRef = 44D367B91D2BB8630014CEA4 /* ViewController.swift */; };
		44D367BD1D2BB8630014CEA4 /* Main.storyboard in Resources */ = {isa = PBXBuildFile; fileRef = 44D367BB1D2BB8630014CEA4 /* Main.storyboard */; };
		44D367BF1D2BB8630014CEA4 /* Assets.xcassets in Resources */ = {isa = PBXBuildFile; fileRef = 44D367BE1D2BB8630014CEA4 /* Assets.xcassets */; };
		44D367C21D2BB8630014CEA4 /* LaunchScreen.storyboard in Resources */ = {isa = PBXBuildFile; fileRef = 44D367C01D2BB8630014CEA4 /* LaunchScreen.storyboard */; };
		44D367CD1D2BB8630014CEA4 /* SimpleIOSCarthageUITests.swift in Sources */ = {isa = PBXBuildFile; fileRef = 44D367CC1D2BB8630014CEA4 /* SimpleIOSCarthageUITests.swift */; };
/* End PBXBuildFile section */

/* Begin PBXContainerItemProxy section */
		44D367C91D2BB8630014CEA4 /* PBXContainerItemProxy */ = {
			isa = PBXContainerItemProxy;
			containerPortal = 44D367AC1D2BB8630014CEA4 /* Project object */;
			proxyType = 1;
			remoteGlobalIDString = 44D367B31D2BB8630014CEA4;
			remoteInfo = SimpleIOSCarthage;
		};
/* End PBXContainerItemProxy section */

/* Begin PBXFileReference section */
		4431AC581D2D1F2C00A79B16 /* Alamofire.framework */ = {isa = PBXFileReference; lastKnownFileType = wrapper.framework; path = Alamofire.framework; sourceTree = "<group>"; };
		4431AC591D2D1F2C00A79B16 /* Boilerplate.framework */ = {isa = PBXFileReference; lastKnownFileType = wrapper.framework; path = Boilerplate.framework; sourceTree = "<group>"; };
		4431AC5A1D2D1F2C00A79B16 /* Event.framework */ = {isa = PBXFileReference; lastKnownFileType = wrapper.framework; path = Event.framework; sourceTree = "<group>"; };
		4431AC5B1D2D1F2C00A79B16 /* ExecutionContext.framework */ = {isa = PBXFileReference; lastKnownFileType = wrapper.framework; path = ExecutionContext.framework; sourceTree = "<group>"; };
		4431AC5C1D2D1F2C00A79B16 /* Foundation3.framework */ = {isa = PBXFileReference; lastKnownFileType = wrapper.framework; path = Foundation3.framework; sourceTree = "<group>"; };
		4431AC5D1D2D1F2C00A79B16 /* Future.framework */ = {isa = PBXFileReference; lastKnownFileType = wrapper.framework; path = Future.framework; sourceTree = "<group>"; };
		4431AC5E1D2D1F2C00A79B16 /* Result.framework */ = {isa = PBXFileReference; lastKnownFileType = wrapper.framework; path = Result.framework; sourceTree = "<group>"; };
		4431AC5F1D2D1F2C00A79B16 /* RunLoop.framework */ = {isa = PBXFileReference; lastKnownFileType = wrapper.framework; path = RunLoop.framework; sourceTree = "<group>"; };
		44D06D0B1D2BBDC100BB2A15 /* CRLAlamofireFuture.framework */ = {isa = PBXFileReference; lastKnownFileType = wrapper.framework; path = CRLAlamofireFuture.framework; sourceTree = "<group>"; };
		44D367B41D2BB8630014CEA4 /* SimpleIOSCarthage.app */ = {isa = PBXFileReference; explicitFileType = wrapper.application; includeInIndex = 0; path = SimpleIOSCarthage.app; sourceTree = BUILT_PRODUCTS_DIR; };
		44D367B71D2BB8630014CEA4 /* AppDelegate.swift */ = {isa = PBXFileReference; lastKnownFileType = sourcecode.swift; path = AppDelegate.swift; sourceTree = "<group>"; };
		44D367B91D2BB8630014CEA4 /* ViewController.swift */ = {isa = PBXFileReference; lastKnownFileType = sourcecode.swift; path = ViewController.swift; sourceTree = "<group>"; };
		44D367BC1D2BB8630014CEA4 /* Base */ = {isa = PBXFileReference; lastKnownFileType = file.storyboard; name = Base; path = Base.lproj/Main.storyboard; sourceTree = "<group>"; };
		44D367BE1D2BB8630014CEA4 /* Assets.xcassets */ = {isa = PBXFileReference; lastKnownFileType = folder.assetcatalog; path = Assets.xcassets; sourceTree = "<group>"; };
		44D367C11D2BB8630014CEA4 /* Base */ = {isa = PBXFileReference; lastKnownFileType = file.storyboard; name = Base; path = Base.lproj/LaunchScreen.storyboard; sourceTree = "<group>"; };
		44D367C31D2BB8630014CEA4 /* Info.plist */ = {isa = PBXFileReference; lastKnownFileType = text.plist.xml; path = Info.plist; sourceTree = "<group>"; };
		44D367C81D2BB8630014CEA4 /* SimpleIOSCarthageUITests.xctest */ = {isa = PBXFileReference; explicitFileType = wrapper.cfbundle; includeInIndex = 0; path = SimpleIOSCarthageUITests.xctest; sourceTree = BUILT_PRODUCTS_DIR; };
		44D367CC1D2BB8630014CEA4 /* SimpleIOSCarthageUITests.swift */ = {isa = PBXFileReference; lastKnownFileType = sourcecode.swift; path = SimpleIOSCarthageUITests.swift; sourceTree = "<group>"; };
		44D367CE1D2BB8630014CEA4 /* Info.plist */ = {isa = PBXFileReference; lastKnownFileType = text.plist.xml; path = Info.plist; sourceTree = "<group>"; };
/* End PBXFileReference section */

/* Begin PBXFrameworksBuildPhase section */
		44D367B11D2BB8630014CEA4 /* Frameworks */ = {
			isa = PBXFrameworksBuildPhase;
			buildActionMask = 2147483647;
			files = (
				4431AC601D2D1F2C00A79B16 /* Alamofire.framework in Frameworks */,
				4431AC611D2D1F2C00A79B16 /* Boilerplate.framework in Frameworks */,
				4431AC621D2D1F2C00A79B16 /* Event.framework in Frameworks */,
				4431AC631D2D1F2C00A79B16 /* ExecutionContext.framework in Frameworks */,
				4431AC641D2D1F2C00A79B16 /* Foundation3.framework in Frameworks */,
				4431AC651D2D1F2C00A79B16 /* Future.framework in Frameworks */,
				4431AC661D2D1F2C00A79B16 /* Result.framework in Frameworks */,
				4431AC671D2D1F2C00A79B16 /* RunLoop.framework in Frameworks */,
				44D06D0C1D2BBDC100BB2A15 /* CRLAlamofireFuture.framework in Frameworks */,
			);
			runOnlyForDeploymentPostprocessing = 0;
		};
		44D367C51D2BB8630014CEA4 /* Frameworks */ = {
			isa = PBXFrameworksBuildPhase;
			buildActionMask = 2147483647;
			files = (
			);
			runOnlyForDeploymentPostprocessing = 0;
		};
/* End PBXFrameworksBuildPhase section */

/* Begin PBXGroup section */
		4431AC571D2D1EEE00A79B16 /* Frameworks */ = {
			isa = PBXGroup;
			children = (
				4431AC581D2D1F2C00A79B16 /* Alamofire.framework */,
				4431AC591D2D1F2C00A79B16 /* Boilerplate.framework */,
				4431AC5A1D2D1F2C00A79B16 /* Event.framework */,
				4431AC5B1D2D1F2C00A79B16 /* ExecutionContext.framework */,
				4431AC5C1D2D1F2C00A79B16 /* Foundation3.framework */,
				4431AC5D1D2D1F2C00A79B16 /* Future.framework */,
				4431AC5E1D2D1F2C00A79B16 /* Result.framework */,
				4431AC5F1D2D1F2C00A79B16 /* RunLoop.framework */,
				44D06D0B1D2BBDC100BB2A15 /* CRLAlamofireFuture.framework */,
			);
			name = Frameworks;
			path = Carthage/Build/iOS;
			sourceTree = "<group>";
		};
		44D367AB1D2BB8630014CEA4 = {
			isa = PBXGroup;
			children = (
				4431AC571D2D1EEE00A79B16 /* Frameworks */,
				44D367B61D2BB8630014CEA4 /* SimpleIOSCarthage */,
				44D367CB1D2BB8630014CEA4 /* SimpleIOSCarthageUITests */,
				44D367B51D2BB8630014CEA4 /* Products */,
			);
			sourceTree = "<group>";
		};
		44D367B51D2BB8630014CEA4 /* Products */ = {
			isa = PBXGroup;
			children = (
				44D367B41D2BB8630014CEA4 /* SimpleIOSCarthage.app */,
				44D367C81D2BB8630014CEA4 /* SimpleIOSCarthageUITests.xctest */,
			);
			name = Products;
			sourceTree = "<group>";
		};
		44D367B61D2BB8630014CEA4 /* SimpleIOSCarthage */ = {
			isa = PBXGroup;
			children = (
				44D367B71D2BB8630014CEA4 /* AppDelegate.swift */,
				44D367B91D2BB8630014CEA4 /* ViewController.swift */,
				44D367BB1D2BB8630014CEA4 /* Main.storyboard */,
				44D367BE1D2BB8630014CEA4 /* Assets.xcassets */,
				44D367C01D2BB8630014CEA4 /* LaunchScreen.storyboard */,
				44D367C31D2BB8630014CEA4 /* Info.plist */,
			);
			path = SimpleIOSCarthage;
			sourceTree = "<group>";
		};
		44D367CB1D2BB8630014CEA4 /* SimpleIOSCarthageUITests */ = {
			isa = PBXGroup;
			children = (
				44D367CC1D2BB8630014CEA4 /* SimpleIOSCarthageUITests.swift */,
				44D367CE1D2BB8630014CEA4 /* Info.plist */,
			);
			path = SimpleIOSCarthageUITests;
			sourceTree = "<group>";
		};
/* End PBXGroup section */

/* Begin PBXNativeTarget section */
		44D367B31D2BB8630014CEA4 /* SimpleIOSCarthage */ = {
			isa = PBXNativeTarget;
			buildConfigurationList = 44D367D11D2BB8630014CEA4 /* Build configuration list for PBXNativeTarget "SimpleIOSCarthage" */;
			buildPhases = (
				44D367B01D2BB8630014CEA4 /* Sources */,
				44D367B11D2BB8630014CEA4 /* Frameworks */,
				44D367B21D2BB8630014CEA4 /* Resources */,
				444E999F1D2BBC440000140C /* ShellScript */,
			);
			buildRules = (
			);
			dependencies = (
			);
			name = SimpleIOSCarthage;
			productName = SimpleIOSCarthage;
			productReference = 44D367B41D2BB8630014CEA4 /* SimpleIOSCarthage.app */;
			productType = "com.apple.product-type.application";
		};
		44D367C71D2BB8630014CEA4 /* SimpleIOSCarthageUITests */ = {
			isa = PBXNativeTarget;
			buildConfigurationList = 44D367D41D2BB8630014CEA4 /* Build configuration list for PBXNativeTarget "SimpleIOSCarthageUITests" */;
			buildPhases = (
				44D367C41D2BB8630014CEA4 /* Sources */,
				44D367C51D2BB8630014CEA4 /* Frameworks */,
				44D367C61D2BB8630014CEA4 /* Resources */,
			);
			buildRules = (
			);
			dependencies = (
				44D367CA1D2BB8630014CEA4 /* PBXTargetDependency */,
			);
			name = SimpleIOSCarthageUITests;
			productName = SimpleIOSCarthageUITests;
			productReference = 44D367C81D2BB8630014CEA4 /* SimpleIOSCarthageUITests.xctest */;
			productType = "com.apple.product-type.bundle.ui-testing";
		};
/* End PBXNativeTarget section */

/* Begin PBXProject section */
		44D367AC1D2BB8630014CEA4 /* Project object */ = {
			isa = PBXProject;
			attributes = {
				LastSwiftUpdateCheck = 0730;
				LastUpgradeCheck = 0730;
				ORGANIZATIONNAME = "Crossroad Labs";
				TargetAttributes = {
					44D367B31D2BB8630014CEA4 = {
						CreatedOnToolsVersion = 7.3.1;
					};
					44D367C71D2BB8630014CEA4 = {
						CreatedOnToolsVersion = 7.3.1;
						TestTargetID = 44D367B31D2BB8630014CEA4;
					};
				};
			};
			buildConfigurationList = 44D367AF1D2BB8630014CEA4 /* Build configuration list for PBXProject "SimpleIOSCarthage" */;
			compatibilityVersion = "Xcode 3.2";
			developmentRegion = English;
			hasScannedForEncodings = 0;
			knownRegions = (
				en,
				Base,
			);
			mainGroup = 44D367AB1D2BB8630014CEA4;
			productRefGroup = 44D367B51D2BB8630014CEA4 /* Products */;
			projectDirPath = "";
			projectRoot = "";
			targets = (
				44D367B31D2BB8630014CEA4 /* SimpleIOSCarthage */,
				44D367C71D2BB8630014CEA4 /* SimpleIOSCarthageUITests */,
			);
		};
/* End PBXProject section */

/* Begin PBXResourcesBuildPhase section */
		44D367B21D2BB8630014CEA4 /* Resources */ = {
			isa = PBXResourcesBuildPhase;
			buildActionMask = 2147483647;
			files = (
				44D367C21D2BB8630014CEA4 /* LaunchScreen.storyboard in Resources */,
				44D367BF1D2BB8630014CEA4 /* Assets.xcassets in Resources */,
				44D367BD1D2BB8630014CEA4 /* Main.storyboard in Resources */,
			);
			runOnlyForDeploymentPostprocessing = 0;
		};
		44D367C61D2BB8630014CEA4 /* Resources */ = {
			isa = PBXResourcesBuildPhase;
			buildActionMask = 2147483647;
			files = (
			);
			runOnlyForDeploymentPostprocessing = 0;
		};
/* End PBXResourcesBuildPhase section */

/* Begin PBXShellScriptBuildPhase section */
		444E999F1D2BBC440000140C /* ShellScript */ = {
			isa = PBXShellScriptBuildPhase;
			buildActionMask = 2147483647;
			files = (
			);
			inputPaths = (
				"$(SRCROOT)/Carthage/Build/iOS/CRLAlamofireFuture.framework",
				"$(SRCROOT)/Carthage/Build/iOS/Alamofire.framework",
				"$(SRCROOT)/Carthage/Build/iOS/Boilerplate.framework",
				"$(SRCROOT)/Carthage/Build/iOS/RunLoop.framework",
				"$(SRCROOT)/Carthage/Build/iOS/Event.framework",
				"$(SRCROOT)/Carthage/Build/iOS/ExecutionContext.framework",
				"$(SRCROOT)/Carthage/Build/iOS/Foundation3.framework",
				"$(SRCROOT)/Carthage/Build/iOS/Future.framework",
				"$(SRCROOT)/Carthage/Build/iOS/Result.framework",
			);
			outputPaths = (
			);
			runOnlyForDeploymentPostprocessing = 0;
			shellPath = /bin/sh;
			shellScript = "/usr/local/bin/carthage copy-frameworks";
		};
/* End PBXShellScriptBuildPhase section */

/* Begin PBXSourcesBuildPhase section */
		44D367B01D2BB8630014CEA4 /* Sources */ = {
			isa = PBXSourcesBuildPhase;
			buildActionMask = 2147483647;
			files = (
				44D367BA1D2BB8630014CEA4 /* ViewController.swift in Sources */,
				44D367B81D2BB8630014CEA4 /* AppDelegate.swift in Sources */,
			);
			runOnlyForDeploymentPostprocessing = 0;
		};
		44D367C41D2BB8630014CEA4 /* Sources */ = {
			isa = PBXSourcesBuildPhase;
			buildActionMask = 2147483647;
			files = (
				44D367CD1D2BB8630014CEA4 /* SimpleIOSCarthageUITests.swift in Sources */,
			);
			runOnlyForDeploymentPostprocessing = 0;
		};
/* End PBXSourcesBuildPhase section */

/* Begin PBXTargetDependency section */
		44D367CA1D2BB8630014CEA4 /* PBXTargetDependency */ = {
			isa = PBXTargetDependency;
			target = 44D367B31D2BB8630014CEA4 /* SimpleIOSCarthage */;
			targetProxy = 44D367C91D2BB8630014CEA4 /* PBXContainerItemProxy */;
		};
/* End PBXTargetDependency section */

/* Begin PBXVariantGroup section */
		44D367BB1D2BB8630014CEA4 /* Main.storyboard */ = {
			isa = PBXVariantGroup;
			children = (
				44D367BC1D2BB8630014CEA4 /* Base */,
			);
			name = Main.storyboard;
			sourceTree = "<group>";
		};
		44D367C01D2BB8630014CEA4 /* LaunchScreen.storyboard */ = {
			isa = PBXVariantGroup;
			children = (
				44D367C11D2BB8630014CEA4 /* Base */,
			);
			name = LaunchScreen.storyboard;
			sourceTree = "<group>";
		};
/* End PBXVariantGroup section */

/* Begin XCBuildConfiguration section */
		44D367CF1D2BB8630014CEA4 /* Debug */ = {
			isa = XCBuildConfiguration;
			buildSettings = {
				ALWAYS_SEARCH_USER_PATHS = NO;
				CLANG_ANALYZER_NONNULL = YES;
				CLANG_CXX_LANGUAGE_STANDARD = "gnu++0x";
				CLANG_CXX_LIBRARY = "libc++";
				CLANG_ENABLE_MODULES = YES;
				CLANG_ENABLE_OBJC_ARC = YES;
				CLANG_WARN_BOOL_CONVERSION = YES;
				CLANG_WARN_CONSTANT_CONVERSION = YES;
				CLANG_WARN_DIRECT_OBJC_ISA_USAGE = YES_ERROR;
				CLANG_WARN_EMPTY_BODY = YES;
				CLANG_WARN_ENUM_CONVERSION = YES;
				CLANG_WARN_INT_CONVERSION = YES;
				CLANG_WARN_OBJC_ROOT_CLASS = YES_ERROR;
				CLANG_WARN_UNREACHABLE_CODE = YES;
				CLANG_WARN__DUPLICATE_METHOD_MATCH = YES;
				"CODE_SIGN_IDENTITY[sdk=iphoneos*]" = "iPhone Developer";
				COPY_PHASE_STRIP = NO;
				DEBUG_INFORMATION_FORMAT = dwarf;
				ENABLE_STRICT_OBJC_MSGSEND = YES;
				ENABLE_TESTABILITY = YES;
				GCC_C_LANGUAGE_STANDARD = gnu99;
				GCC_DYNAMIC_NO_PIC = NO;
				GCC_NO_COMMON_BLOCKS = YES;
				GCC_OPTIMIZATION_LEVEL = 0;
				GCC_PREPROCESSOR_DEFINITIONS = (
					"DEBUG=1",
					"$(inherited)",
				);
				GCC_WARN_64_TO_32_BIT_CONVERSION = YES;
				GCC_WARN_ABOUT_RETURN_TYPE = YES_ERROR;
				GCC_WARN_UNDECLARED_SELECTOR = YES;
				GCC_WARN_UNINITIALIZED_AUTOS = YES_AGGRESSIVE;
				GCC_WARN_UNUSED_FUNCTION = YES;
				GCC_WARN_UNUSED_VARIABLE = YES;
				IPHONEOS_DEPLOYMENT_TARGET = 9.3;
				MTL_ENABLE_DEBUG_INFO = YES;
				ONLY_ACTIVE_ARCH = YES;
				SDKROOT = iphoneos;
				SWIFT_OPTIMIZATION_LEVEL = "-Onone";
			};
			name = Debug;
		};
		44D367D01D2BB8630014CEA4 /* Release */ = {
			isa = XCBuildConfiguration;
			buildSettings = {
				ALWAYS_SEARCH_USER_PATHS = NO;
				CLANG_ANALYZER_NONNULL = YES;
				CLANG_CXX_LANGUAGE_STANDARD = "gnu++0x";
				CLANG_CXX_LIBRARY = "libc++";
				CLANG_ENABLE_MODULES = YES;
				CLANG_ENABLE_OBJC_ARC = YES;
				CLANG_WARN_BOOL_CONVERSION = YES;
				CLANG_WARN_CONSTANT_CONVERSION = YES;
				CLANG_WARN_DIRECT_OBJC_ISA_USAGE = YES_ERROR;
				CLANG_WARN_EMPTY_BODY = YES;
				CLANG_WARN_ENUM_CONVERSION = YES;
				CLANG_WARN_INT_CONVERSION = YES;
				CLANG_WARN_OBJC_ROOT_CLASS = YES_ERROR;
				CLANG_WARN_UNREACHABLE_CODE = YES;
				CLANG_WARN__DUPLICATE_METHOD_MATCH = YES;
				"CODE_SIGN_IDENTITY[sdk=iphoneos*]" = "iPhone Developer";
				COPY_PHASE_STRIP = NO;
				DEBUG_INFORMATION_FORMAT = "dwarf-with-dsym";
				ENABLE_NS_ASSERTIONS = NO;
				ENABLE_STRICT_OBJC_MSGSEND = YES;
				GCC_C_LANGUAGE_STANDARD = gnu99;
				GCC_NO_COMMON_BLOCKS = YES;
				GCC_WARN_64_TO_32_BIT_CONVERSION = YES;
				GCC_WARN_ABOUT_RETURN_TYPE = YES_ERROR;
				GCC_WARN_UNDECLARED_SELECTOR = YES;
				GCC_WARN_UNINITIALIZED_AUTOS = YES_AGGRESSIVE;
				GCC_WARN_UNUSED_FUNCTION = YES;
				GCC_WARN_UNUSED_VARIABLE = YES;
				IPHONEOS_DEPLOYMENT_TARGET = 9.3;
				MTL_ENABLE_DEBUG_INFO = NO;
				SDKROOT = iphoneos;
				VALIDATE_PRODUCT = YES;
			};
			name = Release;
		};
		44D367D21D2BB8630014CEA4 /* Debug */ = {
			isa = XCBuildConfiguration;
			buildSettings = {
				ASSETCATALOG_COMPILER_APPICON_NAME = AppIcon;
				FRAMEWORK_SEARCH_PATHS = (
					"$(inherited)",
					"$(PROJECT_DIR)/Carthage/Build/iOS",
				);
				INFOPLIST_FILE = SimpleIOSCarthage/Info.plist;
				LD_RUNPATH_SEARCH_PATHS = "$(inherited) @executable_path/Frameworks";
				PRODUCT_BUNDLE_IDENTIFIER = CrossroadLabs.SimpleIOSCarthage;
				PRODUCT_NAME = "$(TARGET_NAME)";
			};
			name = Debug;
		};
		44D367D31D2BB8630014CEA4 /* Release */ = {
			isa = XCBuildConfiguration;
			buildSettings = {
				ASSETCATALOG_COMPILER_APPICON_NAME = AppIcon;
				FRAMEWORK_SEARCH_PATHS = (
					"$(inherited)",
					"$(PROJECT_DIR)/Carthage/Build/iOS",
				);
				INFOPLIST_FILE = SimpleIOSCarthage/Info.plist;
				LD_RUNPATH_SEARCH_PATHS = "$(inherited) @executable_path/Frameworks";
				PRODUCT_BUNDLE_IDENTIFIER = CrossroadLabs.SimpleIOSCarthage;
				PRODUCT_NAME = "$(TARGET_NAME)";
			};
			name = Release;
		};
		44D367D51D2BB8630014CEA4 /* Debug */ = {
			isa = XCBuildConfiguration;
			buildSettings = {
				INFOPLIST_FILE = SimpleIOSCarthageUITests/Info.plist;
				LD_RUNPATH_SEARCH_PATHS = "$(inherited) @executable_path/Frameworks @loader_path/Frameworks";
				PRODUCT_BUNDLE_IDENTIFIER = CrossroadLabs.SimpleIOSCarthageUITests;
				PRODUCT_NAME = "$(TARGET_NAME)";
				TEST_TARGET_NAME = SimpleIOSCarthage;
			};
			name = Debug;
		};
		44D367D61D2BB8630014CEA4 /* Release */ = {
			isa = XCBuildConfiguration;
			buildSettings = {
				INFOPLIST_FILE = SimpleIOSCarthageUITests/Info.plist;
				LD_RUNPATH_SEARCH_PATHS = "$(inherited) @executable_path/Frameworks @loader_path/Frameworks";
				PRODUCT_BUNDLE_IDENTIFIER = CrossroadLabs.SimpleIOSCarthageUITests;
				PRODUCT_NAME = "$(TARGET_NAME)";
				TEST_TARGET_NAME = SimpleIOSCarthage;
			};
			name = Release;
		};
/* End XCBuildConfiguration section */

/* Begin XCConfigurationList section */
		44D367AF1D2BB8630014CEA4 /* Build configuration list for PBXProject "SimpleIOSCarthage" */ = {
			isa = XCConfigurationList;
			buildConfigurations = (
				44D367CF1D2BB8630014CEA4 /* Debug */,
				44D367D01D2BB8630014CEA4 /* Release */,
			);
			defaultConfigurationIsVisible = 0;
			defaultConfigurationName = Release;
		};
		44D367D11D2BB8630014CEA4 /* Build configuration list for PBXNativeTarget "SimpleIOSCarthage" */ = {
			isa = XCConfigurationList;
			buildConfigurations = (
				44D367D21D2BB8630014CEA4 /* Debug */,
				44D367D31D2BB8630014CEA4 /* Release */,
			);
			defaultConfigurationIsVisible = 0;
			defaultConfigurationName = Release;
		};
		44D367D41D2BB8630014CEA4 /* Build configuration list for PBXNativeTarget "SimpleIOSCarthageUITests" */ = {
			isa = XCConfigurationList;
			buildConfigurations = (
				44D367D51D2BB8630014CEA4 /* Debug */,
				44D367D61D2BB8630014CEA4 /* Release */,
			);
			defaultConfigurationIsVisible = 0;
			defaultConfigurationName = Release;
		};
/* End XCConfigurationList section */
	};
	rootObject = 44D367AC1D2BB8630014CEA4 /* Project object */;
}
